
Microsoft Visual Studio Solution File, Format Version 12.00
# Visual Studio Version 16
VisualStudioVersion = 16.0.30128.74
MinimumVisualStudioVersion = 10.0.40219.1
Project("{FAE04EC0-301F-11D3-BF4B-00C04F79EFBC}") = "ShoppingCart2", "ShoppingCart2\ShoppingCart2.csproj", "{C01851C2-07F3-4AFC-B82E-65E2FEFD5054}"
EndProject
Global
	GlobalSection(SolutionConfigurationPlatforms) = preSolution
		Debug|Any CPU = Debug|Any CPU
		Release|Any CPU = Release|Any CPU
	EndGlobalSection
	GlobalSection(ProjectConfigurationPlatforms) = postSolution
		{C01851C2-07F3-4AFC-B82E-65E2FEFD5054}.Debug|Any CPU.ActiveCfg = Debug|Any CPU
		{C01851C2-07F3-4AFC-B82E-65E2FEFD5054}.Debug|Any CPU.Build.0 = Debug|Any CPU
		{C01851C2-07F3-4AFC-B82E-65E2FEFD5054}.Release|Any CPU.ActiveCfg = Release|Any CPU
		{C01851C2-07F3-4AFC-B82E-65E2FEFD5054}.Release|Any CPU.Build.0 = Release|Any CPU
	EndGlobalSection
	GlobalSection(SolutionProperties) = preSolution
		HideSolutionNode = FALSE
	EndGlobalSection
	GlobalSection(ExtensibilityGlobals) = postSolution
		SolutionGuid = {3E4C79C1-EFB1-4C57-B497-8A732BE4323B}
	EndGlobalSection
EndGlobal
